
Microsoft Visual Studio Solution File, Format Version 12.00
Project("{2150E333-8FDC-42A3-9474-1A3956D46DE8}") = "src", "src", "{246AFE09-7585-4925-BE73-8B638BD07FA3}"
EndProject
Project("{FAE04EC0-301F-11D3-BF4B-00C04F79EFBC}") = "Web", "src\Web\Web.csproj", "{F0E72145-DAAF-46D7-A1BA-D5A91F6D1433}"
EndProject
Project("{2150E333-8FDC-42A3-9474-1A3956D46DE8}") = "Solution items", "Solution items", "{1C99FC79-C1E2-4F04-B59A-57CC901713D8}"
	ProjectSection(SolutionItems) = preProject
		Directory.Build.props = Directory.Build.props
		.editorconfig = .editorconfig
	EndProjectSection
EndProject
Project("{2150E333-8FDC-42A3-9474-1A3956D46DE8}") = "Questions", "Questions", "{3F626E27-5970-4F83-98C8-F1347529840A}"
EndProject
Project("{2150E333-8FDC-42A3-9474-1A3956D46DE8}") = "Tags", "Tags", "{AD64BC1A-64E2-444D-9562-66B290B1CD45}"
EndProject
Project("{FAE04EC0-301F-11D3-BF4B-00C04F79EFBC}") = "Questions.Domain", "src\Questions\Questions.Domain\Questions.Domain.csproj", "{978F1C54-B8F5-4E67-B00B-41F00EE530A7}"
EndProject
Project("{FAE04EC0-301F-11D3-BF4B-00C04F79EFBC}") = "Questions.Application", "src\Questions\Questions.Application\Questions.Application.csproj", "{7E573720-616D-4C75-9559-158CA03BA915}"
EndProject
Project("{FAE04EC0-301F-11D3-BF4B-00C04F79EFBC}") = "Questions.Presenters", "src\Questions\Questions.Presenters\Questions.Presenters.csproj", "{1855BFB0-4207-48F8-A7E9-B0362C2CF6F0}"
EndProject
Project("{FAE04EC0-301F-11D3-BF4B-00C04F79EFBC}") = "Questions.Infrastructure.Postgres", "src\Questions\Questions.Infrastructure.Postgres\Questions.Infrastructure.Postgres.csproj", "{F8CCD6C0-C935-4DBC-8270-FDEDA6414E32}"
EndProject
Project("{FAE04EC0-301F-11D3-BF4B-00C04F79EFBC}") = "Questions.Contracts", "src\Questions\Questions.Contracts\Questions.Contracts.csproj", "{96975348-7B6D-450C-895A-20156FEA3E2A}"
EndProject
Project("{2150E333-8FDC-42A3-9474-1A3956D46DE8}") = "Comments", "Comments", "{E943DF74-BEE6-4CBE-94CA-2EA75AE79263}"
EndProject
Project("{2150E333-8FDC-42A3-9474-1A3956D46DE8}") = "Core", "Core", "{AAA58B72-8316-47AC-A4D6-CD2547CF5E8F}"
EndProject
Project("{2150E333-8FDC-42A3-9474-1A3956D46DE8}") = "Reports", "Reports", "{7F794F0A-024D-462A-9E01-ABBDC62FCA66}"
EndProject
Project("{2150E333-8FDC-42A3-9474-1A3956D46DE8}") = "Infrastructure", "Infrastructure", "{0E1FACB2-D7E1-499F-9B26-D90FBDA3DD23}"
EndProject
Project("{FAE04EC0-301F-11D3-BF4B-00C04F79EFBC}") = "Infrastructure.ElasticSearch", "src\Core\Infrastructure\Infrastructure.ElasticSearch\Infrastructure.ElasticSearch.csproj", "{4A749C19-5676-480C-AE45-AC5BE2A9374F}"
EndProject
Project("{FAE04EC0-301F-11D3-BF4B-00C04F79EFBC}") = "Infrastructure.S3", "src\Core\Infrastructure\Infrastructure.S3\Infrastructure.S3.csproj", "{FF412E9C-237C-4625-A26C-520481088F6C}"
EndProject
Project("{FAE04EC0-301F-11D3-BF4B-00C04F79EFBC}") = "Shared", "src\Core\Shared\Shared.csproj", "{B6CCCF49-58AF-4995-B602-F36618DA9EFE}"
EndProject
Project("{FAE04EC0-301F-11D3-BF4B-00C04F79EFBC}") = "Framework", "src\Core\Framework\Framework.csproj", "{6BED3B9E-B36A-4432-B8B5-4F0ACCFC6523}"
EndProject
Project("{FAE04EC0-301F-11D3-BF4B-00C04F79EFBC}") = "Tags", "src\Tags\Tags\Tags.csproj", "{ADA06330-520D-4B50-9DB4-3434202154DD}"
EndProject
Project("{FAE04EC0-301F-11D3-BF4B-00C04F79EFBC}") = "Reports", "src\Reports\Reports\Reports.csproj", "{82F2F23B-CC73-4AFA-A643-D4BD177EE74F}"
EndProject
Project("{FAE04EC0-301F-11D3-BF4B-00C04F79EFBC}") = "Comments", "src\Comments\Comments\Comments.csproj", "{07996BEF-7893-45CC-BB52-8DCE2E5D5C4F}"
EndProject
Project("{FAE04EC0-301F-11D3-BF4B-00C04F79EFBC}") = "Tags.Contracts", "src\Tags\Tags.Contracts\Tags.Contracts.csproj", "{0D2DA195-A063-440D-96E4-5CBF857011D1}"
EndProject
Project("{FAE04EC0-301F-11D3-BF4B-00C04F79EFBC}") = "Tags.Presenters", "src\Tags\Tags.Presenters\Tags.Presenters.csproj", "{F3B578DB-4F77-4D6D-A223-AC86FB10E6A1}"
EndProject
Global
	GlobalSection(SolutionConfigurationPlatforms) = preSolution
		Debug|Any CPU = Debug|Any CPU
		Release|Any CPU = Release|Any CPU
	EndGlobalSection
	GlobalSection(ProjectConfigurationPlatforms) = postSolution
		{F0E72145-DAAF-46D7-A1BA-D5A91F6D1433}.Debug|Any CPU.ActiveCfg = Debug|Any CPU
		{F0E72145-DAAF-46D7-A1BA-D5A91F6D1433}.Debug|Any CPU.Build.0 = Debug|Any CPU
		{F0E72145-DAAF-46D7-A1BA-D5A91F6D1433}.Release|Any CPU.ActiveCfg = Release|Any CPU
		{F0E72145-DAAF-46D7-A1BA-D5A91F6D1433}.Release|Any CPU.Build.0 = Release|Any CPU
		{978F1C54-B8F5-4E67-B00B-41F00EE530A7}.Debug|Any CPU.ActiveCfg = Debug|Any CPU
		{978F1C54-B8F5-4E67-B00B-41F00EE530A7}.Debug|Any CPU.Build.0 = Debug|Any CPU
		{978F1C54-B8F5-4E67-B00B-41F00EE530A7}.Release|Any CPU.ActiveCfg = Release|Any CPU
		{978F1C54-B8F5-4E67-B00B-41F00EE530A7}.Release|Any CPU.Build.0 = Release|Any CPU
		{7E573720-616D-4C75-9559-158CA03BA915}.Debug|Any CPU.ActiveCfg = Debug|Any CPU
		{7E573720-616D-4C75-9559-158CA03BA915}.Debug|Any CPU.Build.0 = Debug|Any CPU
		{7E573720-616D-4C75-9559-158CA03BA915}.Release|Any CPU.ActiveCfg = Release|Any CPU
		{7E573720-616D-4C75-9559-158CA03BA915}.Release|Any CPU.Build.0 = Release|Any CPU
		{1855BFB0-4207-48F8-A7E9-B0362C2CF6F0}.Debug|Any CPU.ActiveCfg = Debug|Any CPU
		{1855BFB0-4207-48F8-A7E9-B0362C2CF6F0}.Debug|Any CPU.Build.0 = Debug|Any CPU
		{1855BFB0-4207-48F8-A7E9-B0362C2CF6F0}.Release|Any CPU.ActiveCfg = Release|Any CPU
		{1855BFB0-4207-48F8-A7E9-B0362C2CF6F0}.Release|Any CPU.Build.0 = Release|Any CPU
		{F8CCD6C0-C935-4DBC-8270-FDEDA6414E32}.Debug|Any CPU.ActiveCfg = Debug|Any CPU
		{F8CCD6C0-C935-4DBC-8270-FDEDA6414E32}.Debug|Any CPU.Build.0 = Debug|Any CPU
		{F8CCD6C0-C935-4DBC-8270-FDEDA6414E32}.Release|Any CPU.ActiveCfg = Release|Any CPU
		{F8CCD6C0-C935-4DBC-8270-FDEDA6414E32}.Release|Any CPU.Build.0 = Release|Any CPU
		{96975348-7B6D-450C-895A-20156FEA3E2A}.Debug|Any CPU.ActiveCfg = Debug|Any CPU
		{96975348-7B6D-450C-895A-20156FEA3E2A}.Debug|Any CPU.Build.0 = Debug|Any CPU
		{96975348-7B6D-450C-895A-20156FEA3E2A}.Release|Any CPU.ActiveCfg = Release|Any CPU
		{96975348-7B6D-450C-895A-20156FEA3E2A}.Release|Any CPU.Build.0 = Release|Any CPU
		{4A749C19-5676-480C-AE45-AC5BE2A9374F}.Debug|Any CPU.ActiveCfg = Debug|Any CPU
		{4A749C19-5676-480C-AE45-AC5BE2A9374F}.Debug|Any CPU.Build.0 = Debug|Any CPU
		{4A749C19-5676-480C-AE45-AC5BE2A9374F}.Release|Any CPU.ActiveCfg = Release|Any CPU
		{4A749C19-5676-480C-AE45-AC5BE2A9374F}.Release|Any CPU.Build.0 = Release|Any CPU
		{FF412E9C-237C-4625-A26C-520481088F6C}.Debug|Any CPU.ActiveCfg = Debug|Any CPU
		{FF412E9C-237C-4625-A26C-520481088F6C}.Debug|Any CPU.Build.0 = Debug|Any CPU
		{FF412E9C-237C-4625-A26C-520481088F6C}.Release|Any CPU.ActiveCfg = Release|Any CPU
		{FF412E9C-237C-4625-A26C-520481088F6C}.Release|Any CPU.Build.0 = Release|Any CPU
		{B6CCCF49-58AF-4995-B602-F36618DA9EFE}.Debug|Any CPU.ActiveCfg = Debug|Any CPU
		{B6CCCF49-58AF-4995-B602-F36618DA9EFE}.Debug|Any CPU.Build.0 = Debug|Any CPU
		{B6CCCF49-58AF-4995-B602-F36618DA9EFE}.Release|Any CPU.ActiveCfg = Release|Any CPU
		{B6CCCF49-58AF-4995-B602-F36618DA9EFE}.Release|Any CPU.Build.0 = Release|Any CPU
		{6BED3B9E-B36A-4432-B8B5-4F0ACCFC6523}.Debug|Any CPU.ActiveCfg = Debug|Any CPU
		{6BED3B9E-B36A-4432-B8B5-4F0ACCFC6523}.Debug|Any CPU.Build.0 = Debug|Any CPU
		{6BED3B9E-B36A-4432-B8B5-4F0ACCFC6523}.Release|Any CPU.ActiveCfg = Release|Any CPU
		{6BED3B9E-B36A-4432-B8B5-4F0ACCFC6523}.Release|Any CPU.Build.0 = Release|Any CPU
		{ADA06330-520D-4B50-9DB4-3434202154DD}.Debug|Any CPU.ActiveCfg = Debug|Any CPU
		{ADA06330-520D-4B50-9DB4-3434202154DD}.Debug|Any CPU.Build.0 = Debug|Any CPU
		{ADA06330-520D-4B50-9DB4-3434202154DD}.Release|Any CPU.ActiveCfg = Release|Any CPU
		{ADA06330-520D-4B50-9DB4-3434202154DD}.Release|Any CPU.Build.0 = Release|Any CPU
		{82F2F23B-CC73-4AFA-A643-D4BD177EE74F}.Debug|Any CPU.ActiveCfg = Debug|Any CPU
		{82F2F23B-CC73-4AFA-A643-D4BD177EE74F}.Debug|Any CPU.Build.0 = Debug|Any CPU
		{82F2F23B-CC73-4AFA-A643-D4BD177EE74F}.Release|Any CPU.ActiveCfg = Release|Any CPU
		{82F2F23B-CC73-4AFA-A643-D4BD177EE74F}.Release|Any CPU.Build.0 = Release|Any CPU
		{07996BEF-7893-45CC-BB52-8DCE2E5D5C4F}.Debug|Any CPU.ActiveCfg = Debug|Any CPU
		{07996BEF-7893-45CC-BB52-8DCE2E5D5C4F}.Debug|Any CPU.Build.0 = Debug|Any CPU
		{07996BEF-7893-45CC-BB52-8DCE2E5D5C4F}.Release|Any CPU.ActiveCfg = Release|Any CPU
		{07996BEF-7893-45CC-BB52-8DCE2E5D5C4F}.Release|Any CPU.Build.0 = Release|Any CPU
		{0D2DA195-A063-440D-96E4-5CBF857011D1}.Debug|Any CPU.ActiveCfg = Debug|Any CPU
		{0D2DA195-A063-440D-96E4-5CBF857011D1}.Debug|Any CPU.Build.0 = Debug|Any CPU
		{0D2DA195-A063-440D-96E4-5CBF857011D1}.Release|Any CPU.ActiveCfg = Release|Any CPU
		{0D2DA195-A063-440D-96E4-5CBF857011D1}.Release|Any CPU.Build.0 = Release|Any CPU
		{F3B578DB-4F77-4D6D-A223-AC86FB10E6A1}.Debug|Any CPU.ActiveCfg = Debug|Any CPU
		{F3B578DB-4F77-4D6D-A223-AC86FB10E6A1}.Debug|Any CPU.Build.0 = Debug|Any CPU
		{F3B578DB-4F77-4D6D-A223-AC86FB10E6A1}.Release|Any CPU.ActiveCfg = Release|Any CPU
		{F3B578DB-4F77-4D6D-A223-AC86FB10E6A1}.Release|Any CPU.Build.0 = Release|Any CPU
	EndGlobalSection
	GlobalSection(NestedProjects) = preSolution
		{F0E72145-DAAF-46D7-A1BA-D5A91F6D1433} = {246AFE09-7585-4925-BE73-8B638BD07FA3}
		{3F626E27-5970-4F83-98C8-F1347529840A} = {246AFE09-7585-4925-BE73-8B638BD07FA3}
		{AD64BC1A-64E2-444D-9562-66B290B1CD45} = {246AFE09-7585-4925-BE73-8B638BD07FA3}
		{978F1C54-B8F5-4E67-B00B-41F00EE530A7} = {3F626E27-5970-4F83-98C8-F1347529840A}
		{7E573720-616D-4C75-9559-158CA03BA915} = {3F626E27-5970-4F83-98C8-F1347529840A}
		{1855BFB0-4207-48F8-A7E9-B0362C2CF6F0} = {3F626E27-5970-4F83-98C8-F1347529840A}
		{F8CCD6C0-C935-4DBC-8270-FDEDA6414E32} = {3F626E27-5970-4F83-98C8-F1347529840A}
		{96975348-7B6D-450C-895A-20156FEA3E2A} = {3F626E27-5970-4F83-98C8-F1347529840A}
		{E943DF74-BEE6-4CBE-94CA-2EA75AE79263} = {246AFE09-7585-4925-BE73-8B638BD07FA3}
		{AAA58B72-8316-47AC-A4D6-CD2547CF5E8F} = {246AFE09-7585-4925-BE73-8B638BD07FA3}
		{7F794F0A-024D-462A-9E01-ABBDC62FCA66} = {246AFE09-7585-4925-BE73-8B638BD07FA3}
		{0E1FACB2-D7E1-499F-9B26-D90FBDA3DD23} = {AAA58B72-8316-47AC-A4D6-CD2547CF5E8F}
		{4A749C19-5676-480C-AE45-AC5BE2A9374F} = {0E1FACB2-D7E1-499F-9B26-D90FBDA3DD23}
		{FF412E9C-237C-4625-A26C-520481088F6C} = {0E1FACB2-D7E1-499F-9B26-D90FBDA3DD23}
		{B6CCCF49-58AF-4995-B602-F36618DA9EFE} = {AAA58B72-8316-47AC-A4D6-CD2547CF5E8F}
		{6BED3B9E-B36A-4432-B8B5-4F0ACCFC6523} = {AAA58B72-8316-47AC-A4D6-CD2547CF5E8F}
		{ADA06330-520D-4B50-9DB4-3434202154DD} = {AD64BC1A-64E2-444D-9562-66B290B1CD45}
		{82F2F23B-CC73-4AFA-A643-D4BD177EE74F} = {7F794F0A-024D-462A-9E01-ABBDC62FCA66}
		{07996BEF-7893-45CC-BB52-8DCE2E5D5C4F} = {E943DF74-BEE6-4CBE-94CA-2EA75AE79263}
		{0D2DA195-A063-440D-96E4-5CBF857011D1} = {AD64BC1A-64E2-444D-9562-66B290B1CD45}
		{F3B578DB-4F77-4D6D-A223-AC86FB10E6A1} = {AD64BC1A-64E2-444D-9562-66B290B1CD45}
	EndGlobalSection
EndGlobal
